
Microsoft Visual Studio Solution File, Format Version 12.00
# Visual Studio 14
VisualStudioVersion = 14.0.24720.0
MinimumVisualStudioVersion = 10.0.40219.1
Project("{FAE04EC0-301F-11D3-BF4B-00C04F79EFBC}") = "DDDSharp.Domaining", "DDDSharp.Domaining\DDDSharp.Domaining.csproj", "{D2B5F7AD-CBF8-460F-B5D6-D4DA84CFB277}"
EndProject
Project("{FAE04EC0-301F-11D3-BF4B-00C04F79EFBC}") = "SharpDomains.IdentityDomain", "SharpDomains.IdentityDomain\SharpDomains.IdentityDomain.csproj", "{56AD00A7-7373-4F6B-AA24-04AB5130AA24}"
EndProject
Project("{FAE04EC0-301F-11D3-BF4B-00C04F79EFBC}") = "SharpDomains.IdentityDomain.Commands", "SharpDomains.IdentityDomain.Commands\SharpDomains.IdentityDomain.Commands.csproj", "{E20AAF87-07F5-4D7E-96B4-0E5C9D15A06D}"
EndProject
Project("{FAE04EC0-301F-11D3-BF4B-00C04F79EFBC}") = "SharpDomains.IdentityDomain.Events", "SharpDomains.IdentityDomain.Events\SharpDomains.IdentityDomain.Events.csproj", "{F4F3192C-99BD-4DD8-8C6E-F037139E2D61}"
EndProject
Project("{FAE04EC0-301F-11D3-BF4B-00C04F79EFBC}") = "SharpDomains.ConsoleTest", "SharpDomains.ConsoleTest\SharpDomains.ConsoleTest.csproj", "{B5F3F384-8728-4F41-B399-AC6672CD4F16}"
EndProject
Project("{FAE04EC0-301F-11D3-BF4B-00C04F79EFBC}") = "SharpDomains.IdentityDomain.Specs", "SharpDomains.IdentityDomain.Specs\SharpDomains.IdentityDomain.Specs.csproj", "{5F378E0F-3067-46D0-92E5-8EB06BA7A5A7}"
EndProject
Global
	GlobalSection(SolutionConfigurationPlatforms) = preSolution
		Debug|Any CPU = Debug|Any CPU
		Release|Any CPU = Release|Any CPU
	EndGlobalSection
	GlobalSection(ProjectConfigurationPlatforms) = postSolution
		{D2B5F7AD-CBF8-460F-B5D6-D4DA84CFB277}.Debug|Any CPU.ActiveCfg = Debug|Any CPU
		{D2B5F7AD-CBF8-460F-B5D6-D4DA84CFB277}.Debug|Any CPU.Build.0 = Debug|Any CPU
		{D2B5F7AD-CBF8-460F-B5D6-D4DA84CFB277}.Release|Any CPU.ActiveCfg = Release|Any CPU
		{D2B5F7AD-CBF8-460F-B5D6-D4DA84CFB277}.Release|Any CPU.Build.0 = Release|Any CPU
		{56AD00A7-7373-4F6B-AA24-04AB5130AA24}.Debug|Any CPU.ActiveCfg = Debug|Any CPU
		{56AD00A7-7373-4F6B-AA24-04AB5130AA24}.Debug|Any CPU.Build.0 = Debug|Any CPU
		{56AD00A7-7373-4F6B-AA24-04AB5130AA24}.Release|Any CPU.ActiveCfg = Release|Any CPU
		{56AD00A7-7373-4F6B-AA24-04AB5130AA24}.Release|Any CPU.Build.0 = Release|Any CPU
		{E20AAF87-07F5-4D7E-96B4-0E5C9D15A06D}.Debug|Any CPU.ActiveCfg = Debug|Any CPU
		{E20AAF87-07F5-4D7E-96B4-0E5C9D15A06D}.Debug|Any CPU.Build.0 = Debug|Any CPU
		{E20AAF87-07F5-4D7E-96B4-0E5C9D15A06D}.Release|Any CPU.ActiveCfg = Release|Any CPU
		{E20AAF87-07F5-4D7E-96B4-0E5C9D15A06D}.Release|Any CPU.Build.0 = Release|Any CPU
		{F4F3192C-99BD-4DD8-8C6E-F037139E2D61}.Debug|Any CPU.ActiveCfg = Debug|Any CPU
		{F4F3192C-99BD-4DD8-8C6E-F037139E2D61}.Debug|Any CPU.Build.0 = Debug|Any CPU
		{F4F3192C-99BD-4DD8-8C6E-F037139E2D61}.Release|Any CPU.ActiveCfg = Release|Any CPU
		{F4F3192C-99BD-4DD8-8C6E-F037139E2D61}.Release|Any CPU.Build.0 = Release|Any CPU
		{B5F3F384-8728-4F41-B399-AC6672CD4F16}.Debug|Any CPU.ActiveCfg = Debug|Any CPU
		{B5F3F384-8728-4F41-B399-AC6672CD4F16}.Debug|Any CPU.Build.0 = Debug|Any CPU
		{B5F3F384-8728-4F41-B399-AC6672CD4F16}.Release|Any CPU.ActiveCfg = Release|Any CPU
		{B5F3F384-8728-4F41-B399-AC6672CD4F16}.Release|Any CPU.Build.0 = Release|Any CPU
		{5F378E0F-3067-46D0-92E5-8EB06BA7A5A7}.Debug|Any CPU.ActiveCfg = Debug|Any CPU
		{5F378E0F-3067-46D0-92E5-8EB06BA7A5A7}.Debug|Any CPU.Build.0 = Debug|Any CPU
		{5F378E0F-3067-46D0-92E5-8EB06BA7A5A7}.Release|Any CPU.ActiveCfg = Release|Any CPU
		{5F378E0F-3067-46D0-92E5-8EB06BA7A5A7}.Release|Any CPU.Build.0 = Release|Any CPU
	EndGlobalSection
	GlobalSection(SolutionProperties) = preSolution
		HideSolutionNode = FALSE
	EndGlobalSection
EndGlobal
